// !$*UTF8*$!
{
	archiveVersion = 1;
	classes = {
	};
	objectVersion = 50;
	objects = {

/* Begin PBXBuildFile section */
		57F94210650FC22EB9B99E81 /* Pods_Versus.framework in Frameworks */ = {isa = PBXBuildFile; fileRef = 1F3231BC3413EBAF3A9B9312 /* Pods_Versus.framework */; };
		70036ED0210A79C1000BE8E9 /* PostsHistoryTableViewCell.swift in Sources */ = {isa = PBXBuildFile; fileRef = 70036ECF210A79C1000BE8E9 /* PostsHistoryTableViewCell.swift */; };
		70036ED2210ABA96000BE8E9 /* FGHViewController.swift in Sources */ = {isa = PBXBuildFile; fileRef = 70036ED1210ABA96000BE8E9 /* FGHViewController.swift */; };
		70036ED4210ABBCF000BE8E9 /* FGHTableViewCell.swift in Sources */ = {isa = PBXBuildFile; fileRef = 70036ED3210ABBCF000BE8E9 /* FGHTableViewCell.swift */; };
		700DB5CB21081CF5008E546A /* PostInfo.swift in Sources */ = {isa = PBXBuildFile; fileRef = 700DB5CA21081CF5008E546A /* PostInfo.swift */; };
		701B9BA520E3FB20003C9E7E /* AppDelegate.swift in Sources */ = {isa = PBXBuildFile; fileRef = 701B9BA420E3FB20003C9E7E /* AppDelegate.swift */; };
		701B9BA720E3FB20003C9E7E /* ViewController.swift in Sources */ = {isa = PBXBuildFile; fileRef = 701B9BA620E3FB20003C9E7E /* ViewController.swift */; };
		701B9BAA20E3FB20003C9E7E /* Main.storyboard in Resources */ = {isa = PBXBuildFile; fileRef = 701B9BA820E3FB20003C9E7E /* Main.storyboard */; };
		701B9BAC20E3FB22003C9E7E /* Assets.xcassets in Resources */ = {isa = PBXBuildFile; fileRef = 701B9BAB20E3FB22003C9E7E /* Assets.xcassets */; };
		701B9BAF20E3FB22003C9E7E /* LaunchScreen.storyboard in Resources */ = {isa = PBXBuildFile; fileRef = 701B9BAD20E3FB22003C9E7E /* LaunchScreen.storyboard */; };
		701B9BB720E3FEEB003C9E7E /* GoogleService-Info.plist in Resources */ = {isa = PBXBuildFile; fileRef = 701B9BB620E3FEEB003C9E7E /* GoogleService-Info.plist */; };
		701C8CC220F8C4F00072AECD /* LeaderboardViewController.swift in Sources */ = {isa = PBXBuildFile; fileRef = 701C8CC120F8C4F00072AECD /* LeaderboardViewController.swift */; };
		701C8CC420F8C51F0072AECD /* NotificationsViewController.swift in Sources */ = {isa = PBXBuildFile; fileRef = 701C8CC320F8C51F0072AECD /* NotificationsViewController.swift */; };
		701C8CC620F8C5510072AECD /* MeViewController.swift in Sources */ = {isa = PBXBuildFile; fileRef = 701C8CC520F8C5510072AECD /* MeViewController.swift */; };
		701C8CC820F96FCF0072AECD /* LeaderboardEntry.swift in Sources */ = {isa = PBXBuildFile; fileRef = 701C8CC720F96FCF0072AECD /* LeaderboardEntry.swift */; };
		701C8CCB20F978350072AECD /* GoldLeaderTableViewCell.swift in Sources */ = {isa = PBXBuildFile; fileRef = 701C8CCA20F978350072AECD /* GoldLeaderTableViewCell.swift */; };
		701C8CCD20F978B30072AECD /* SilverLeaderTableViewCell.swift in Sources */ = {isa = PBXBuildFile; fileRef = 701C8CCC20F978B30072AECD /* SilverLeaderTableViewCell.swift */; };
		701C8CCF20F978C80072AECD /* BronzeLeaderTableViewCell.swift in Sources */ = {isa = PBXBuildFile; fileRef = 701C8CCE20F978C80072AECD /* BronzeLeaderTableViewCell.swift */; };
		701C8CD120F978E20072AECD /* PlainLeaderTableViewCell.swift in Sources */ = {isa = PBXBuildFile; fileRef = 701C8CD020F978E20072AECD /* PlainLeaderTableViewCell.swift */; };
		701C8CD320FAF4B90072AECD /* UILabel+addImage+isTruncated.swift in Sources */ = {isa = PBXBuildFile; fileRef = 701C8CD220FAF4B90072AECD /* UILabel+addImage+isTruncated.swift */; };
		702499A220E57F050024E871 /* UIViewController+Toast.swift in Sources */ = {isa = PBXBuildFile; fileRef = 702499A120E57F050024E871 /* UIViewController+Toast.swift */; };
		7056672920FD62A400CB87AD /* SearchViewController.swift in Sources */ = {isa = PBXBuildFile; fileRef = 7056672820FD62A400CB87AD /* SearchViewController.swift */; };
		7056672B20FDA82800CB87AD /* SearchPostTableViewCell.swift in Sources */ = {isa = PBXBuildFile; fileRef = 7056672A20FDA82800CB87AD /* SearchPostTableViewCell.swift */; };
		7056672F2101564D00CB87AD /* CategoriesTableViewCell.swift in Sources */ = {isa = PBXBuildFile; fileRef = 7056672E2101564D00CB87AD /* CategoriesTableViewCell.swift */; };
		706F89E42106E38800A78EFB /* VSPostQMultiModel_docs_item__source.swift in Sources */ = {isa = PBXBuildFile; fileRef = 706F89E02106E38700A78EFB /* VSPostQMultiModel_docs_item__source.swift */; };
		706F89E52106E38800A78EFB /* VSPostQModel.swift in Sources */ = {isa = PBXBuildFile; fileRef = 706F89E12106E38700A78EFB /* VSPostQModel.swift */; };
		706F89E62106E38800A78EFB /* VSPostQMultiModel_docs_item.swift in Sources */ = {isa = PBXBuildFile; fileRef = 706F89E22106E38800A78EFB /* VSPostQMultiModel_docs_item.swift */; };
		706F89E72106E38800A78EFB /* VSPostQMultiModel.swift in Sources */ = {isa = PBXBuildFile; fileRef = 706F89E32106E38800A78EFB /* VSPostQMultiModel.swift */; };
		706F89E92107EAB300A78EFB /* ProfileViewController.swift in Sources */ = {isa = PBXBuildFile; fileRef = 706F89E82107EAB300A78EFB /* ProfileViewController.swift */; };
		706F89EB2107EEF300A78EFB /* CommentsHistoryViewController.swift in Sources */ = {isa = PBXBuildFile; fileRef = 706F89EA2107EEF300A78EFB /* CommentsHistoryViewController.swift */; };
		706F89ED2107EF1A00A78EFB /* PostsHistoryViewController.swift in Sources */ = {isa = PBXBuildFile; fileRef = 706F89EC2107EF1A00A78EFB /* PostsHistoryViewController.swift */; };
		706F89EF21080D0F00A78EFB /* CommentsHistoryTableViewCell.swift in Sources */ = {isa = PBXBuildFile; fileRef = 706F89EE21080D0F00A78EFB /* CommentsHistoryTableViewCell.swift */; };
		706F89F121080D8F00A78EFB /* VSComment.swift in Sources */ = {isa = PBXBuildFile; fileRef = 706F89F021080D8F00A78EFB /* VSComment.swift */; };
		70A7ED49211FBFB90059507A /* ChildPageViewController.swift in Sources */ = {isa = PBXBuildFile; fileRef = 70A7ED48211FBFB90059507A /* ChildPageViewController.swift */; };
		70A7ED4B211FC3410059507A /* PostPageDelegator.swift in Sources */ = {isa = PBXBuildFile; fileRef = 70A7ED4A211FC3410059507A /* PostPageDelegator.swift */; };
		70AD4C5120EB0C4C000C9433 /* OIDCProvider.swift in Sources */ = {isa = PBXBuildFile; fileRef = 70AD4C5020EB0C4C000C9433 /* OIDCProvider.swift */; };
		70B1704920F28D7C00459ACE /* Tab1CollectionViewController.swift in Sources */ = {isa = PBXBuildFile; fileRef = 70B1704820F28D7C00459ACE /* Tab1CollectionViewController.swift */; };
		70B1704B20F28D8600459ACE /* Tab2CollectionViewController.swift in Sources */ = {isa = PBXBuildFile; fileRef = 70B1704A20F28D8600459ACE /* Tab2CollectionViewController.swift */; };
		70B1704D20F28D8D00459ACE /* Tab3CollectionViewController.swift in Sources */ = {isa = PBXBuildFile; fileRef = 70B1704C20F28D8D00459ACE /* Tab3CollectionViewController.swift */; };
		70B1705120F2F97800459ACE /* ButtonBarView.swift in Sources */ = {isa = PBXBuildFile; fileRef = 70B1705020F2F97800459ACE /* ButtonBarView.swift */; };
		70B9A7E120ED64C200C06709 /* Character+UInt32.swift in Sources */ = {isa = PBXBuildFile; fileRef = 70B9A7E020ED64C200C06709 /* Character+UInt32.swift */; };
		70B9A7E320ED650A00C06709 /* String+HashCode.swift in Sources */ = {isa = PBXBuildFile; fileRef = 70B9A7E220ED650A00C06709 /* String+HashCode.swift */; };
		70B9A7E520ED93B600C06709 /* InitialViewController.swift in Sources */ = {isa = PBXBuildFile; fileRef = 70B9A7E420ED93B600C06709 /* InitialViewController.swift */; };
		70B9A7E920EEDACB00C06709 /* PostObject.swift in Sources */ = {isa = PBXBuildFile; fileRef = 70B9A7E820EEDACB00C06709 /* PostObject.swift */; };
		70B9A7ED20EEE33800C06709 /* PostImageCollectionViewCell.swift in Sources */ = {isa = PBXBuildFile; fileRef = 70B9A7EC20EEE33800C06709 /* PostImageCollectionViewCell.swift */; };
		70B9A7EF20EF12E100C06709 /* PostTextCollectionViewCell.swift in Sources */ = {isa = PBXBuildFile; fileRef = 70B9A7EE20EF12E100C06709 /* PostTextCollectionViewCell.swift */; };
		70CB9E45210FDFAF00D86E37 /* MyCircleCollectionViewCell.swift in Sources */ = {isa = PBXBuildFile; fileRef = 70CB9E44210FDFAF00D86E37 /* MyCircleCollectionViewCell.swift */; };
		70CB9E47210FE4D800D86E37 /* Array+Shuffle.swift in Sources */ = {isa = PBXBuildFile; fileRef = 70CB9E46210FE4D800D86E37 /* Array+Shuffle.swift */; };
		70CB9E492110020500D86E37 /* MyCircleTableViewCell.swift in Sources */ = {isa = PBXBuildFile; fileRef = 70CB9E482110020500D86E37 /* MyCircleTableViewCell.swift */; };
		70CB9E4B2112B33C00D86E37 /* CategoryFilterViewController.swift in Sources */ = {isa = PBXBuildFile; fileRef = 70CB9E4A2112B33C00D86E37 /* CategoryFilterViewController.swift */; };
		70CB9E4D21154DD300D86E37 /* RootPageViewController.swift in Sources */ = {isa = PBXBuildFile; fileRef = 70CB9E4C21154DD300D86E37 /* RootPageViewController.swift */; };
		70CB9E4F211551BC00D86E37 /* PostCardTableViewCell.swift in Sources */ = {isa = PBXBuildFile; fileRef = 70CB9E4E211551BC00D86E37 /* PostCardTableViewCell.swift */; };
		70CB9E51211552D200D86E37 /* CommentCardTableViewCell.swift in Sources */ = {isa = PBXBuildFile; fileRef = 70CB9E50211552D200D86E37 /* CommentCardTableViewCell.swift */; };
		70CB9E532115671700D86E37 /* VSCNode.swift in Sources */ = {isa = PBXBuildFile; fileRef = 70CB9E522115671700D86E37 /* VSCNode.swift */; };
		70CB9E552116976100D86E37 /* UserAction.swift in Sources */ = {isa = PBXBuildFile; fileRef = 70CB9E542116976100D86E37 /* UserAction.swift */; };
		70E331D621212454007414D6 /* GrandchildPageViewController.swift in Sources */ = {isa = PBXBuildFile; fileRef = 70E331D521212454007414D6 /* GrandchildPageViewController.swift */; };
		70E80BF420E6943F0067DF08 /* BirthdayViewController.swift in Sources */ = {isa = PBXBuildFile; fileRef = 70E80BF320E6943F0067DF08 /* BirthdayViewController.swift */; };
		70E80BF620E6944B0067DF08 /* UsernameViewController.swift in Sources */ = {isa = PBXBuildFile; fileRef = 70E80BF520E6944B0067DF08 /* UsernameViewController.swift */; };
		70E80BF820E694560067DF08 /* PasswordViewController.swift in Sources */ = {isa = PBXBuildFile; fileRef = 70E80BF720E694560067DF08 /* PasswordViewController.swift */; };
		70E80BFA20E6976E0067DF08 /* MCViewController.swift in Sources */ = {isa = PBXBuildFile; fileRef = 70E80BF920E6976E0067DF08 /* MCViewController.swift */; };
		70E80CAB20E6DB570067DF08 /* VSLeaderboardModel.swift in Sources */ = {isa = PBXBuildFile; fileRef = 70E80C7020E6DB4D0067DF08 /* VSLeaderboardModel.swift */; };
		70E80CAC20E6DB570067DF08 /* VSPIVModel_docs_item.swift in Sources */ = {isa = PBXBuildFile; fileRef = 70E80C7120E6DB4E0067DF08 /* VSPIVModel_docs_item.swift */; };
		70E80CAD20E6DB570067DF08 /* VSCGCModel_responses_item_hits.swift in Sources */ = {isa = PBXBuildFile; fileRef = 70E80C7220E6DB4E0067DF08 /* VSCGCModel_responses_item_hits.swift */; };
		70E80CAE20E6DB570067DF08 /* VSPostInfoModel.swift in Sources */ = {isa = PBXBuildFile; fileRef = 70E80C7320E6DB4E0067DF08 /* VSPostInfoModel.swift */; };
		70E80CAF20E6DB570067DF08 /* VSLeaderboardModel_hits_hits_item.swift in Sources */ = {isa = PBXBuildFile; fileRef = 70E80C7420E6DB4E0067DF08 /* VSLeaderboardModel_hits_hits_item.swift */; };
		70E80CB020E6DB570067DF08 /* VSPIVModel.swift in Sources */ = {isa = PBXBuildFile; fileRef = 70E80C7520E6DB4E0067DF08 /* VSPIVModel.swift */; };
		70E80CB120E6DB570067DF08 /* VSPostsListCompactModel_hits_hits_item.swift in Sources */ = {isa = PBXBuildFile; fileRef = 70E80C7620E6DB4E0067DF08 /* VSPostsListCompactModel_hits_hits_item.swift */; };
		70E80CB220E6DB570067DF08 /* VSCGCModel_responses_item__shards.swift in Sources */ = {isa = PBXBuildFile; fileRef = 70E80C7720E6DB4E0067DF08 /* VSCGCModel_responses_item__shards.swift */; };
		70E80CB320E6DB570067DF08 /* VSPostsListModel_hits.swift in Sources */ = {isa = PBXBuildFile; fileRef = 70E80C7820E6DB4F0067DF08 /* VSPostsListModel_hits.swift */; };
		70E80CB420E6DB570067DF08 /* VSPostModel__source.swift in Sources */ = {isa = PBXBuildFile; fileRef = 70E80C7920E6DB4F0067DF08 /* VSPostModel__source.swift */; };
		70E80CB520E6DB570067DF08 /* VSProfileInfoModel__source.swift in Sources */ = {isa = PBXBuildFile; fileRef = 70E80C7A20E6DB4F0067DF08 /* VSProfileInfoModel__source.swift */; };
		70E80CB620E6DB570067DF08 /* VSProfileInfoModel.swift in Sources */ = {isa = PBXBuildFile; fileRef = 70E80C7B20E6DB4F0067DF08 /* VSProfileInfoModel.swift */; };
		70E80CB720E6DB570067DF08 /* VSUserGetModel.swift in Sources */ = {isa = PBXBuildFile; fileRef = 70E80C7C20E6DB4F0067DF08 /* VSUserGetModel.swift */; };
		70E80CB820E6DB570067DF08 /* VSCommentsListModel.swift in Sources */ = {isa = PBXBuildFile; fileRef = 70E80C7D20E6DB4F0067DF08 /* VSCommentsListModel.swift */; };
		70E80CB920E6DB570067DF08 /* VSLeaderboardModel__shards.swift in Sources */ = {isa = PBXBuildFile; fileRef = 70E80C7E20E6DB4F0067DF08 /* VSLeaderboardModel__shards.swift */; };
		70E80CBA20E6DB570067DF08 /* VSAIModel_hits_hits_item.swift in Sources */ = {isa = PBXBuildFile; fileRef = 70E80C7F20E6DB500067DF08 /* VSAIModel_hits_hits_item.swift */; };
		70E80CBB20E6DB570067DF08 /* Empty.swift in Sources */ = {isa = PBXBuildFile; fileRef = 70E80C8020E6DB500067DF08 /* Empty.swift */; };
		70E80CBC20E6DB570067DF08 /* VSAIModel_hits.swift in Sources */ = {isa = PBXBuildFile; fileRef = 70E80C8120E6DB500067DF08 /* VSAIModel_hits.swift */; };
		70E80CBD20E6DB570067DF08 /* VSCommentsListModel_hits.swift in Sources */ = {isa = PBXBuildFile; fileRef = 70E80C8220E6DB500067DF08 /* VSCommentsListModel_hits.swift */; };
		70E80CBE20E6DB570067DF08 /* VSAIModel_hits_hits_item__source.swift in Sources */ = {isa = PBXBuildFile; fileRef = 70E80C8320E6DB500067DF08 /* VSAIModel_hits_hits_item__source.swift */; };
		70E80CBF20E6DB570067DF08 /* VSCGCModel_responses_item.swift in Sources */ = {isa = PBXBuildFile; fileRef = 70E80C8420E6DB500067DF08 /* VSCGCModel_responses_item.swift */; };
		70E80CC020E6DB570067DF08 /* VSCGCModel_responses_item_hits_hits_item__source.swift in Sources */ = {isa = PBXBuildFile; fileRef = 70E80C8520E6DB510067DF08 /* VSCGCModel_responses_item_hits_hits_item__source.swift */; };
		70E80CC120E6DB570067DF08 /* VSUserPutModel.swift in Sources */ = {isa = PBXBuildFile; fileRef = 70E80C8620E6DB510067DF08 /* VSUserPutModel.swift */; };
		70E80CC220E6DB570067DF08 /* VSAIModel__shards.swift in Sources */ = {isa = PBXBuildFile; fileRef = 70E80C8720E6DB510067DF08 /* VSAIModel__shards.swift */; };
		70E80CC320E6DB570067DF08 /* VSLeaderboardModel_hits.swift in Sources */ = {isa = PBXBuildFile; fileRef = 70E80C8820E6DB510067DF08 /* VSLeaderboardModel_hits.swift */; };
		70E80CC420E6DB570067DF08 /* VSPIVModel_docs_item__source.swift in Sources */ = {isa = PBXBuildFile; fileRef = 70E80C8920E6DB510067DF08 /* VSPIVModel_docs_item__source.swift */; };
		70E80CC520E6DB570067DF08 /* VSPIVSingle.swift in Sources */ = {isa = PBXBuildFile; fileRef = 70E80C8A20E6DB510067DF08 /* VSPIVSingle.swift */; };
		70E80CC620E6DB570067DF08 /* VSPostInfoMultiModel.swift in Sources */ = {isa = PBXBuildFile; fileRef = 70E80C8B20E6DB520067DF08 /* VSPostInfoMultiModel.swift */; };
		70E80CC720E6DB570067DF08 /* VSCommentEditModel_doc.swift in Sources */ = {isa = PBXBuildFile; fileRef = 70E80C8C20E6DB520067DF08 /* VSCommentEditModel_doc.swift */; };
		70E80CC820E6DB570067DF08 /* VSPostEditModel_doc.swift in Sources */ = {isa = PBXBuildFile; fileRef = 70E80C8D20E6DB520067DF08 /* VSPostEditModel_doc.swift */; };
		70E80CC920E6DB570067DF08 /* VSCommentEditModel.swift in Sources */ = {isa = PBXBuildFile; fileRef = 70E80C8F20E6DB520067DF08 /* VSCommentEditModel.swift */; };
		70E80CCA20E6DB570067DF08 /* VSPostsListModel_hits_hits_item__source.swift in Sources */ = {isa = PBXBuildFile; fileRef = 70E80C9020E6DB520067DF08 /* VSPostsListModel_hits_hits_item__source.swift */; };
		70E80CCB20E6DB570067DF08 /* VSLeaderboardModel_hits_hits_item__source.swift in Sources */ = {isa = PBXBuildFile; fileRef = 70E80C9120E6DB530067DF08 /* VSLeaderboardModel_hits_hits_item__source.swift */; };
		70E80CCC20E6DB570067DF08 /* VSRecordPutModel.swift in Sources */ = {isa = PBXBuildFile; fileRef = 70E80C9220E6DB530067DF08 /* VSRecordPutModel.swift */; };
		70E80CCD20E6DB570067DF08 /* VSVersusAPIClient.swift in Sources */ = {isa = PBXBuildFile; fileRef = 70E80C9320E6DB530067DF08 /* VSVersusAPIClient.swift */; };
		70E80CCE20E6DB570067DF08 /* VSCommentPutModel.swift in Sources */ = {isa = PBXBuildFile; fileRef = 70E80C9420E6DB530067DF08 /* VSCommentPutModel.swift */; };
		70E80CCF20E6DB570067DF08 /* VSPostInfoMultiModel_docs_item.swift in Sources */ = {isa = PBXBuildFile; fileRef = 70E80C9520E6DB530067DF08 /* VSPostInfoMultiModel_docs_item.swift */; };
		70E80CD020E6DB570067DF08 /* VSPostsListCompactModel_hits.swift in Sources */ = {isa = PBXBuildFile; fileRef = 70E80C9620E6DB530067DF08 /* VSPostsListCompactModel_hits.swift */; };
		70E80CD120E6DB570067DF08 /* VSPostsListModel_hits_hits_item.swift in Sources */ = {isa = PBXBuildFile; fileRef = 70E80C9720E6DB540067DF08 /* VSPostsListModel_hits_hits_item.swift */; };
		70E80CD220E6DB570067DF08 /* VSPostsListModel.swift in Sources */ = {isa = PBXBuildFile; fileRef = 70E80C9820E6DB540067DF08 /* VSPostsListModel.swift */; };
		70E80CD320E6DB570067DF08 /* VSCommentModel__source.swift in Sources */ = {isa = PBXBuildFile; fileRef = 70E80C9920E6DB540067DF08 /* VSCommentModel__source.swift */; };
		70E80CD420E6DB570067DF08 /* VSEmailGetModel.swift in Sources */ = {isa = PBXBuildFile; fileRef = 70E80C9A20E6DB540067DF08 /* VSEmailGetModel.swift */; };
		70E80CD520E6DB570067DF08 /* VSAIModel.swift in Sources */ = {isa = PBXBuildFile; fileRef = 70E80C9B20E6DB540067DF08 /* VSAIModel.swift */; };
		70E80CD620E6DB570067DF08 /* VSPostsListModel__shards.swift in Sources */ = {isa = PBXBuildFile; fileRef = 70E80C9C20E6DB540067DF08 /* VSPostsListModel__shards.swift */; };
		70E80CD720E6DB570067DF08 /* VSCGCModel.swift in Sources */ = {isa = PBXBuildFile; fileRef = 70E80C9D20E6DB550067DF08 /* VSCGCModel.swift */; };
		70E80CD820E6DB570067DF08 /* VSCommentsListModel_hits_hits_item__source.swift in Sources */ = {isa = PBXBuildFile; fileRef = 70E80C9F20E6DB550067DF08 /* VSCommentsListModel_hits_hits_item__source.swift */; };
		70E80CD920E6DB570067DF08 /* VSPostsListCompactModel__shards.swift in Sources */ = {isa = PBXBuildFile; fileRef = 70E80CA020E6DB550067DF08 /* VSPostsListCompactModel__shards.swift */; };
		70E80CDA20E6DB570067DF08 /* VSCommentsListModel__shards.swift in Sources */ = {isa = PBXBuildFile; fileRef = 70E80CA120E6DB550067DF08 /* VSCommentsListModel__shards.swift */; };
		70E80CDB20E6DB570067DF08 /* VSCommentsListModel_hits_hits_item.swift in Sources */ = {isa = PBXBuildFile; fileRef = 70E80CA220E6DB550067DF08 /* VSCommentsListModel_hits_hits_item.swift */; };
		70E80CDC20E6DB570067DF08 /* VSCGCModel_responses_item_hits_hits_item.swift in Sources */ = {isa = PBXBuildFile; fileRef = 70E80CA320E6DB560067DF08 /* VSCGCModel_responses_item_hits_hits_item.swift */; };
		70E80CDD20E6DB570067DF08 /* VSPostEditModel.swift in Sources */ = {isa = PBXBuildFile; fileRef = 70E80CA420E6DB560067DF08 /* VSPostEditModel.swift */; };
		70E80CDE20E6DB570067DF08 /* VSPostPutModel.swift in Sources */ = {isa = PBXBuildFile; fileRef = 70E80CA520E6DB560067DF08 /* VSPostPutModel.swift */; };
		70E80CDF20E6DB570067DF08 /* VSPostsListCompactModel.swift in Sources */ = {isa = PBXBuildFile; fileRef = 70E80CA620E6DB560067DF08 /* VSPostsListCompactModel.swift */; };
		70E80CE020E6DB570067DF08 /* VSPostModel.swift in Sources */ = {isa = PBXBuildFile; fileRef = 70E80CA720E6DB560067DF08 /* VSPostModel.swift */; };
		70E80CE120E6DB570067DF08 /* VSPostsListCompactModel_hits_hits_item__source.swift in Sources */ = {isa = PBXBuildFile; fileRef = 70E80CA820E6DB570067DF08 /* VSPostsListCompactModel_hits_hits_item__source.swift */; };
		70E80CE220E6DB570067DF08 /* VSCommentModel.swift in Sources */ = {isa = PBXBuildFile; fileRef = 70E80CA920E6DB570067DF08 /* VSCommentModel.swift */; };
		70E80CE320E6DB570067DF08 /* VSPostInfoMultiModel_docs_item__source.swift in Sources */ = {isa = PBXBuildFile; fileRef = 70E80CAA20E6DB570067DF08 /* VSPostInfoMultiModel_docs_item__source.swift */; };
/* End PBXBuildFile section */

/* Begin PBXFileReference section */
		048C4BA7173C812C742C4401 /* Pods-Versus.debug.xcconfig */ = {isa = PBXFileReference; includeInIndex = 1; lastKnownFileType = text.xcconfig; name = "Pods-Versus.debug.xcconfig"; path = "Pods/Target Support Files/Pods-Versus/Pods-Versus.debug.xcconfig"; sourceTree = "<group>"; };
		1F3231BC3413EBAF3A9B9312 /* Pods_Versus.framework */ = {isa = PBXFileReference; explicitFileType = wrapper.framework; includeInIndex = 0; path = Pods_Versus.framework; sourceTree = BUILT_PRODUCTS_DIR; };
		70036ECF210A79C1000BE8E9 /* PostsHistoryTableViewCell.swift */ = {isa = PBXFileReference; lastKnownFileType = sourcecode.swift; path = PostsHistoryTableViewCell.swift; sourceTree = "<group>"; };
		70036ED1210ABA96000BE8E9 /* FGHViewController.swift */ = {isa = PBXFileReference; lastKnownFileType = sourcecode.swift; path = FGHViewController.swift; sourceTree = "<group>"; };
		70036ED3210ABBCF000BE8E9 /* FGHTableViewCell.swift */ = {isa = PBXFileReference; lastKnownFileType = sourcecode.swift; path = FGHTableViewCell.swift; sourceTree = "<group>"; };
		700DB5CA21081CF5008E546A /* PostInfo.swift */ = {isa = PBXFileReference; lastKnownFileType = sourcecode.swift; path = PostInfo.swift; sourceTree = "<group>"; };
		701B9BA120E3FB20003C9E7E /* Versus.app */ = {isa = PBXFileReference; explicitFileType = wrapper.application; includeInIndex = 0; path = Versus.app; sourceTree = BUILT_PRODUCTS_DIR; };
		701B9BA420E3FB20003C9E7E /* AppDelegate.swift */ = {isa = PBXFileReference; lastKnownFileType = sourcecode.swift; path = AppDelegate.swift; sourceTree = "<group>"; };
		701B9BA620E3FB20003C9E7E /* ViewController.swift */ = {isa = PBXFileReference; lastKnownFileType = sourcecode.swift; path = ViewController.swift; sourceTree = "<group>"; };
		701B9BA920E3FB20003C9E7E /* Base */ = {isa = PBXFileReference; lastKnownFileType = file.storyboard; name = Base; path = Base.lproj/Main.storyboard; sourceTree = "<group>"; };
		701B9BAB20E3FB22003C9E7E /* Assets.xcassets */ = {isa = PBXFileReference; lastKnownFileType = folder.assetcatalog; path = Assets.xcassets; sourceTree = "<group>"; };
		701B9BAE20E3FB22003C9E7E /* Base */ = {isa = PBXFileReference; lastKnownFileType = file.storyboard; name = Base; path = Base.lproj/LaunchScreen.storyboard; sourceTree = "<group>"; };
		701B9BB020E3FB22003C9E7E /* Info.plist */ = {isa = PBXFileReference; lastKnownFileType = text.plist.xml; path = Info.plist; sourceTree = "<group>"; };
		701B9BB620E3FEEB003C9E7E /* GoogleService-Info.plist */ = {isa = PBXFileReference; fileEncoding = 4; lastKnownFileType = text.plist.xml; path = "GoogleService-Info.plist"; sourceTree = "<group>"; };
		701C8CC120F8C4F00072AECD /* LeaderboardViewController.swift */ = {isa = PBXFileReference; lastKnownFileType = sourcecode.swift; path = LeaderboardViewController.swift; sourceTree = "<group>"; };
		701C8CC320F8C51F0072AECD /* NotificationsViewController.swift */ = {isa = PBXFileReference; lastKnownFileType = sourcecode.swift; path = NotificationsViewController.swift; sourceTree = "<group>"; };
		701C8CC520F8C5510072AECD /* MeViewController.swift */ = {isa = PBXFileReference; lastKnownFileType = sourcecode.swift; path = MeViewController.swift; sourceTree = "<group>"; };
		701C8CC720F96FCF0072AECD /* LeaderboardEntry.swift */ = {isa = PBXFileReference; lastKnownFileType = sourcecode.swift; path = LeaderboardEntry.swift; sourceTree = "<group>"; };
		701C8CCA20F978350072AECD /* GoldLeaderTableViewCell.swift */ = {isa = PBXFileReference; lastKnownFileType = sourcecode.swift; path = GoldLeaderTableViewCell.swift; sourceTree = "<group>"; };
		701C8CCC20F978B30072AECD /* SilverLeaderTableViewCell.swift */ = {isa = PBXFileReference; lastKnownFileType = sourcecode.swift; path = SilverLeaderTableViewCell.swift; sourceTree = "<group>"; };
		701C8CCE20F978C80072AECD /* BronzeLeaderTableViewCell.swift */ = {isa = PBXFileReference; lastKnownFileType = sourcecode.swift; path = BronzeLeaderTableViewCell.swift; sourceTree = "<group>"; };
		701C8CD020F978E20072AECD /* PlainLeaderTableViewCell.swift */ = {isa = PBXFileReference; lastKnownFileType = sourcecode.swift; path = PlainLeaderTableViewCell.swift; sourceTree = "<group>"; };
		701C8CD220FAF4B90072AECD /* UILabel+addImage+isTruncated.swift */ = {isa = PBXFileReference; lastKnownFileType = sourcecode.swift; path = "UILabel+addImage+isTruncated.swift"; sourceTree = "<group>"; };
		702499A120E57F050024E871 /* UIViewController+Toast.swift */ = {isa = PBXFileReference; lastKnownFileType = sourcecode.swift; path = "UIViewController+Toast.swift"; sourceTree = "<group>"; };
		7056672820FD62A400CB87AD /* SearchViewController.swift */ = {isa = PBXFileReference; lastKnownFileType = sourcecode.swift; path = SearchViewController.swift; sourceTree = "<group>"; };
		7056672A20FDA82800CB87AD /* SearchPostTableViewCell.swift */ = {isa = PBXFileReference; lastKnownFileType = sourcecode.swift; path = SearchPostTableViewCell.swift; sourceTree = "<group>"; };
		7056672E2101564D00CB87AD /* CategoriesTableViewCell.swift */ = {isa = PBXFileReference; lastKnownFileType = sourcecode.swift; path = CategoriesTableViewCell.swift; sourceTree = "<group>"; };
		706F89E02106E38700A78EFB /* VSPostQMultiModel_docs_item__source.swift */ = {isa = PBXFileReference; fileEncoding = 4; lastKnownFileType = sourcecode.swift; path = VSPostQMultiModel_docs_item__source.swift; sourceTree = "<group>"; };
		706F89E12106E38700A78EFB /* VSPostQModel.swift */ = {isa = PBXFileReference; fileEncoding = 4; lastKnownFileType = sourcecode.swift; path = VSPostQModel.swift; sourceTree = "<group>"; };
		706F89E22106E38800A78EFB /* VSPostQMultiModel_docs_item.swift */ = {isa = PBXFileReference; fileEncoding = 4; lastKnownFileType = sourcecode.swift; path = VSPostQMultiModel_docs_item.swift; sourceTree = "<group>"; };
		706F89E32106E38800A78EFB /* VSPostQMultiModel.swift */ = {isa = PBXFileReference; fileEncoding = 4; lastKnownFileType = sourcecode.swift; path = VSPostQMultiModel.swift; sourceTree = "<group>"; };
		706F89E82107EAB300A78EFB /* ProfileViewController.swift */ = {isa = PBXFileReference; lastKnownFileType = sourcecode.swift; path = ProfileViewController.swift; sourceTree = "<group>"; };
		706F89EA2107EEF300A78EFB /* CommentsHistoryViewController.swift */ = {isa = PBXFileReference; lastKnownFileType = sourcecode.swift; path = CommentsHistoryViewController.swift; sourceTree = "<group>"; };
		706F89EC2107EF1A00A78EFB /* PostsHistoryViewController.swift */ = {isa = PBXFileReference; lastKnownFileType = sourcecode.swift; path = PostsHistoryViewController.swift; sourceTree = "<group>"; };
		706F89EE21080D0F00A78EFB /* CommentsHistoryTableViewCell.swift */ = {isa = PBXFileReference; lastKnownFileType = sourcecode.swift; path = CommentsHistoryTableViewCell.swift; sourceTree = "<group>"; };
		706F89F021080D8F00A78EFB /* VSComment.swift */ = {isa = PBXFileReference; lastKnownFileType = sourcecode.swift; path = VSComment.swift; sourceTree = "<group>"; };
		70A7ED48211FBFB90059507A /* ChildPageViewController.swift */ = {isa = PBXFileReference; lastKnownFileType = sourcecode.swift; path = ChildPageViewController.swift; sourceTree = "<group>"; };
		70A7ED4A211FC3410059507A /* PostPageDelegator.swift */ = {isa = PBXFileReference; lastKnownFileType = sourcecode.swift; path = PostPageDelegator.swift; sourceTree = "<group>"; };
		70AD4C5020EB0C4C000C9433 /* OIDCProvider.swift */ = {isa = PBXFileReference; lastKnownFileType = sourcecode.swift; path = OIDCProvider.swift; sourceTree = "<group>"; };
		70B1704820F28D7C00459ACE /* Tab1CollectionViewController.swift */ = {isa = PBXFileReference; lastKnownFileType = sourcecode.swift; path = Tab1CollectionViewController.swift; sourceTree = "<group>"; };
		70B1704A20F28D8600459ACE /* Tab2CollectionViewController.swift */ = {isa = PBXFileReference; lastKnownFileType = sourcecode.swift; path = Tab2CollectionViewController.swift; sourceTree = "<group>"; };
		70B1704C20F28D8D00459ACE /* Tab3CollectionViewController.swift */ = {isa = PBXFileReference; lastKnownFileType = sourcecode.swift; path = Tab3CollectionViewController.swift; sourceTree = "<group>"; };
		70B1705020F2F97800459ACE /* ButtonBarView.swift */ = {isa = PBXFileReference; lastKnownFileType = sourcecode.swift; path = ButtonBarView.swift; sourceTree = "<group>"; };
		70B9A7E020ED64C200C06709 /* Character+UInt32.swift */ = {isa = PBXFileReference; lastKnownFileType = sourcecode.swift; path = "Character+UInt32.swift"; sourceTree = "<group>"; };
		70B9A7E220ED650A00C06709 /* String+HashCode.swift */ = {isa = PBXFileReference; lastKnownFileType = sourcecode.swift; path = "String+HashCode.swift"; sourceTree = "<group>"; };
		70B9A7E420ED93B600C06709 /* InitialViewController.swift */ = {isa = PBXFileReference; lastKnownFileType = sourcecode.swift; path = InitialViewController.swift; sourceTree = "<group>"; };
		70B9A7E820EEDACB00C06709 /* PostObject.swift */ = {isa = PBXFileReference; lastKnownFileType = sourcecode.swift; path = PostObject.swift; sourceTree = "<group>"; };
		70B9A7EC20EEE33800C06709 /* PostImageCollectionViewCell.swift */ = {isa = PBXFileReference; lastKnownFileType = sourcecode.swift; path = PostImageCollectionViewCell.swift; sourceTree = "<group>"; };
		70B9A7EE20EF12E100C06709 /* PostTextCollectionViewCell.swift */ = {isa = PBXFileReference; lastKnownFileType = sourcecode.swift; path = PostTextCollectionViewCell.swift; sourceTree = "<group>"; };
		70CB9E44210FDFAF00D86E37 /* MyCircleCollectionViewCell.swift */ = {isa = PBXFileReference; lastKnownFileType = sourcecode.swift; path = MyCircleCollectionViewCell.swift; sourceTree = "<group>"; };
		70CB9E46210FE4D800D86E37 /* Array+Shuffle.swift */ = {isa = PBXFileReference; lastKnownFileType = sourcecode.swift; path = "Array+Shuffle.swift"; sourceTree = "<group>"; };
		70CB9E482110020500D86E37 /* MyCircleTableViewCell.swift */ = {isa = PBXFileReference; lastKnownFileType = sourcecode.swift; path = MyCircleTableViewCell.swift; sourceTree = "<group>"; };
		70CB9E4A2112B33C00D86E37 /* CategoryFilterViewController.swift */ = {isa = PBXFileReference; lastKnownFileType = sourcecode.swift; path = CategoryFilterViewController.swift; sourceTree = "<group>"; };
		70CB9E4C21154DD300D86E37 /* RootPageViewController.swift */ = {isa = PBXFileReference; lastKnownFileType = sourcecode.swift; path = RootPageViewController.swift; sourceTree = "<group>"; };
		70CB9E4E211551BC00D86E37 /* PostCardTableViewCell.swift */ = {isa = PBXFileReference; lastKnownFileType = sourcecode.swift; path = PostCardTableViewCell.swift; sourceTree = "<group>"; };
		70CB9E50211552D200D86E37 /* CommentCardTableViewCell.swift */ = {isa = PBXFileReference; lastKnownFileType = sourcecode.swift; path = CommentCardTableViewCell.swift; sourceTree = "<group>"; };
		70CB9E522115671700D86E37 /* VSCNode.swift */ = {isa = PBXFileReference; lastKnownFileType = sourcecode.swift; path = VSCNode.swift; sourceTree = "<group>"; };
		70CB9E542116976100D86E37 /* UserAction.swift */ = {isa = PBXFileReference; lastKnownFileType = sourcecode.swift; path = UserAction.swift; sourceTree = "<group>"; };
		70E331D521212454007414D6 /* GrandchildPageViewController.swift */ = {isa = PBXFileReference; lastKnownFileType = sourcecode.swift; path = GrandchildPageViewController.swift; sourceTree = "<group>"; };
		70E80BF320E6943F0067DF08 /* BirthdayViewController.swift */ = {isa = PBXFileReference; lastKnownFileType = sourcecode.swift; path = BirthdayViewController.swift; sourceTree = "<group>"; };
		70E80BF520E6944B0067DF08 /* UsernameViewController.swift */ = {isa = PBXFileReference; lastKnownFileType = sourcecode.swift; path = UsernameViewController.swift; sourceTree = "<group>"; };
		70E80BF720E694560067DF08 /* PasswordViewController.swift */ = {isa = PBXFileReference; lastKnownFileType = sourcecode.swift; path = PasswordViewController.swift; sourceTree = "<group>"; };
		70E80BF920E6976E0067DF08 /* MCViewController.swift */ = {isa = PBXFileReference; lastKnownFileType = sourcecode.swift; path = MCViewController.swift; sourceTree = "<group>"; };
		70E80C7020E6DB4D0067DF08 /* VSLeaderboardModel.swift */ = {isa = PBXFileReference; fileEncoding = 4; lastKnownFileType = sourcecode.swift; path = VSLeaderboardModel.swift; sourceTree = "<group>"; };
		70E80C7120E6DB4E0067DF08 /* VSPIVModel_docs_item.swift */ = {isa = PBXFileReference; fileEncoding = 4; lastKnownFileType = sourcecode.swift; path = VSPIVModel_docs_item.swift; sourceTree = "<group>"; };
		70E80C7220E6DB4E0067DF08 /* VSCGCModel_responses_item_hits.swift */ = {isa = PBXFileReference; fileEncoding = 4; lastKnownFileType = sourcecode.swift; path = VSCGCModel_responses_item_hits.swift; sourceTree = "<group>"; };
		70E80C7320E6DB4E0067DF08 /* VSPostInfoModel.swift */ = {isa = PBXFileReference; fileEncoding = 4; lastKnownFileType = sourcecode.swift; path = VSPostInfoModel.swift; sourceTree = "<group>"; };
		70E80C7420E6DB4E0067DF08 /* VSLeaderboardModel_hits_hits_item.swift */ = {isa = PBXFileReference; fileEncoding = 4; lastKnownFileType = sourcecode.swift; path = VSLeaderboardModel_hits_hits_item.swift; sourceTree = "<group>"; };
		70E80C7520E6DB4E0067DF08 /* VSPIVModel.swift */ = {isa = PBXFileReference; fileEncoding = 4; lastKnownFileType = sourcecode.swift; path = VSPIVModel.swift; sourceTree = "<group>"; };
		70E80C7620E6DB4E0067DF08 /* VSPostsListCompactModel_hits_hits_item.swift */ = {isa = PBXFileReference; fileEncoding = 4; lastKnownFileType = sourcecode.swift; path = VSPostsListCompactModel_hits_hits_item.swift; sourceTree = "<group>"; };
		70E80C7720E6DB4E0067DF08 /* VSCGCModel_responses_item__shards.swift */ = {isa = PBXFileReference; fileEncoding = 4; lastKnownFileType = sourcecode.swift; path = VSCGCModel_responses_item__shards.swift; sourceTree = "<group>"; };
		70E80C7820E6DB4F0067DF08 /* VSPostsListModel_hits.swift */ = {isa = PBXFileReference; fileEncoding = 4; lastKnownFileType = sourcecode.swift; path = VSPostsListModel_hits.swift; sourceTree = "<group>"; };
		70E80C7920E6DB4F0067DF08 /* VSPostModel__source.swift */ = {isa = PBXFileReference; fileEncoding = 4; lastKnownFileType = sourcecode.swift; path = VSPostModel__source.swift; sourceTree = "<group>"; };
		70E80C7A20E6DB4F0067DF08 /* VSProfileInfoModel__source.swift */ = {isa = PBXFileReference; fileEncoding = 4; lastKnownFileType = sourcecode.swift; path = VSProfileInfoModel__source.swift; sourceTree = "<group>"; };
		70E80C7B20E6DB4F0067DF08 /* VSProfileInfoModel.swift */ = {isa = PBXFileReference; fileEncoding = 4; lastKnownFileType = sourcecode.swift; path = VSProfileInfoModel.swift; sourceTree = "<group>"; };
		70E80C7C20E6DB4F0067DF08 /* VSUserGetModel.swift */ = {isa = PBXFileReference; fileEncoding = 4; lastKnownFileType = sourcecode.swift; path = VSUserGetModel.swift; sourceTree = "<group>"; };
		70E80C7D20E6DB4F0067DF08 /* VSCommentsListModel.swift */ = {isa = PBXFileReference; fileEncoding = 4; lastKnownFileType = sourcecode.swift; path = VSCommentsListModel.swift; sourceTree = "<group>"; };
		70E80C7E20E6DB4F0067DF08 /* VSLeaderboardModel__shards.swift */ = {isa = PBXFileReference; fileEncoding = 4; lastKnownFileType = sourcecode.swift; path = VSLeaderboardModel__shards.swift; sourceTree = "<group>"; };
		70E80C7F20E6DB500067DF08 /* VSAIModel_hits_hits_item.swift */ = {isa = PBXFileReference; fileEncoding = 4; lastKnownFileType = sourcecode.swift; path = VSAIModel_hits_hits_item.swift; sourceTree = "<group>"; };
		70E80C8020E6DB500067DF08 /* Empty.swift */ = {isa = PBXFileReference; fileEncoding = 4; lastKnownFileType = sourcecode.swift; path = Empty.swift; sourceTree = "<group>"; };
		70E80C8120E6DB500067DF08 /* VSAIModel_hits.swift */ = {isa = PBXFileReference; fileEncoding = 4; lastKnownFileType = sourcecode.swift; path = VSAIModel_hits.swift; sourceTree = "<group>"; };
		70E80C8220E6DB500067DF08 /* VSCommentsListModel_hits.swift */ = {isa = PBXFileReference; fileEncoding = 4; lastKnownFileType = sourcecode.swift; path = VSCommentsListModel_hits.swift; sourceTree = "<group>"; };
		70E80C8320E6DB500067DF08 /* VSAIModel_hits_hits_item__source.swift */ = {isa = PBXFileReference; fileEncoding = 4; lastKnownFileType = sourcecode.swift; path = VSAIModel_hits_hits_item__source.swift; sourceTree = "<group>"; };
		70E80C8420E6DB500067DF08 /* VSCGCModel_responses_item.swift */ = {isa = PBXFileReference; fileEncoding = 4; lastKnownFileType = sourcecode.swift; path = VSCGCModel_responses_item.swift; sourceTree = "<group>"; };
		70E80C8520E6DB510067DF08 /* VSCGCModel_responses_item_hits_hits_item__source.swift */ = {isa = PBXFileReference; fileEncoding = 4; lastKnownFileType = sourcecode.swift; path = VSCGCModel_responses_item_hits_hits_item__source.swift; sourceTree = "<group>"; };
		70E80C8620E6DB510067DF08 /* VSUserPutModel.swift */ = {isa = PBXFileReference; fileEncoding = 4; lastKnownFileType = sourcecode.swift; path = VSUserPutModel.swift; sourceTree = "<group>"; };
		70E80C8720E6DB510067DF08 /* VSAIModel__shards.swift */ = {isa = PBXFileReference; fileEncoding = 4; lastKnownFileType = sourcecode.swift; path = VSAIModel__shards.swift; sourceTree = "<group>"; };
		70E80C8820E6DB510067DF08 /* VSLeaderboardModel_hits.swift */ = {isa = PBXFileReference; fileEncoding = 4; lastKnownFileType = sourcecode.swift; path = VSLeaderboardModel_hits.swift; sourceTree = "<group>"; };
		70E80C8920E6DB510067DF08 /* VSPIVModel_docs_item__source.swift */ = {isa = PBXFileReference; fileEncoding = 4; lastKnownFileType = sourcecode.swift; path = VSPIVModel_docs_item__source.swift; sourceTree = "<group>"; };
		70E80C8A20E6DB510067DF08 /* VSPIVSingle.swift */ = {isa = PBXFileReference; fileEncoding = 4; lastKnownFileType = sourcecode.swift; path = VSPIVSingle.swift; sourceTree = "<group>"; };
		70E80C8B20E6DB520067DF08 /* VSPostInfoMultiModel.swift */ = {isa = PBXFileReference; fileEncoding = 4; lastKnownFileType = sourcecode.swift; path = VSPostInfoMultiModel.swift; sourceTree = "<group>"; };
		70E80C8C20E6DB520067DF08 /* VSCommentEditModel_doc.swift */ = {isa = PBXFileReference; fileEncoding = 4; lastKnownFileType = sourcecode.swift; path = VSCommentEditModel_doc.swift; sourceTree = "<group>"; };
		70E80C8D20E6DB520067DF08 /* VSPostEditModel_doc.swift */ = {isa = PBXFileReference; fileEncoding = 4; lastKnownFileType = sourcecode.swift; path = VSPostEditModel_doc.swift; sourceTree = "<group>"; };
		70E80C8E20E6DB520067DF08 /* AWSApiGatewayBridge.h */ = {isa = PBXFileReference; fileEncoding = 4; lastKnownFileType = sourcecode.c.h; path = AWSApiGatewayBridge.h; sourceTree = "<group>"; };
		70E80C8F20E6DB520067DF08 /* VSCommentEditModel.swift */ = {isa = PBXFileReference; fileEncoding = 4; lastKnownFileType = sourcecode.swift; path = VSCommentEditModel.swift; sourceTree = "<group>"; };
		70E80C9020E6DB520067DF08 /* VSPostsListModel_hits_hits_item__source.swift */ = {isa = PBXFileReference; fileEncoding = 4; lastKnownFileType = sourcecode.swift; path = VSPostsListModel_hits_hits_item__source.swift; sourceTree = "<group>"; };
		70E80C9120E6DB530067DF08 /* VSLeaderboardModel_hits_hits_item__source.swift */ = {isa = PBXFileReference; fileEncoding = 4; lastKnownFileType = sourcecode.swift; path = VSLeaderboardModel_hits_hits_item__source.swift; sourceTree = "<group>"; };
		70E80C9220E6DB530067DF08 /* VSRecordPutModel.swift */ = {isa = PBXFileReference; fileEncoding = 4; lastKnownFileType = sourcecode.swift; path = VSRecordPutModel.swift; sourceTree = "<group>"; };
		70E80C9320E6DB530067DF08 /* VSVersusAPIClient.swift */ = {isa = PBXFileReference; fileEncoding = 4; lastKnownFileType = sourcecode.swift; path = VSVersusAPIClient.swift; sourceTree = "<group>"; };
		70E80C9420E6DB530067DF08 /* VSCommentPutModel.swift */ = {isa = PBXFileReference; fileEncoding = 4; lastKnownFileType = sourcecode.swift; path = VSCommentPutModel.swift; sourceTree = "<group>"; };
		70E80C9520E6DB530067DF08 /* VSPostInfoMultiModel_docs_item.swift */ = {isa = PBXFileReference; fileEncoding = 4; lastKnownFileType = sourcecode.swift; path = VSPostInfoMultiModel_docs_item.swift; sourceTree = "<group>"; };
		70E80C9620E6DB530067DF08 /* VSPostsListCompactModel_hits.swift */ = {isa = PBXFileReference; fileEncoding = 4; lastKnownFileType = sourcecode.swift; path = VSPostsListCompactModel_hits.swift; sourceTree = "<group>"; };
		70E80C9720E6DB540067DF08 /* VSPostsListModel_hits_hits_item.swift */ = {isa = PBXFileReference; fileEncoding = 4; lastKnownFileType = sourcecode.swift; path = VSPostsListModel_hits_hits_item.swift; sourceTree = "<group>"; };
		70E80C9820E6DB540067DF08 /* VSPostsListModel.swift */ = {isa = PBXFileReference; fileEncoding = 4; lastKnownFileType = sourcecode.swift; path = VSPostsListModel.swift; sourceTree = "<group>"; };
		70E80C9920E6DB540067DF08 /* VSCommentModel__source.swift */ = {isa = PBXFileReference; fileEncoding = 4; lastKnownFileType = sourcecode.swift; path = VSCommentModel__source.swift; sourceTree = "<group>"; };
		70E80C9A20E6DB540067DF08 /* VSEmailGetModel.swift */ = {isa = PBXFileReference; fileEncoding = 4; lastKnownFileType = sourcecode.swift; path = VSEmailGetModel.swift; sourceTree = "<group>"; };
		70E80C9B20E6DB540067DF08 /* VSAIModel.swift */ = {isa = PBXFileReference; fileEncoding = 4; lastKnownFileType = sourcecode.swift; path = VSAIModel.swift; sourceTree = "<group>"; };
		70E80C9C20E6DB540067DF08 /* VSPostsListModel__shards.swift */ = {isa = PBXFileReference; fileEncoding = 4; lastKnownFileType = sourcecode.swift; path = VSPostsListModel__shards.swift; sourceTree = "<group>"; };
		70E80C9D20E6DB550067DF08 /* VSCGCModel.swift */ = {isa = PBXFileReference; fileEncoding = 4; lastKnownFileType = sourcecode.swift; path = VSCGCModel.swift; sourceTree = "<group>"; };
		70E80C9E20E6DB550067DF08 /* Bridging_Header.h */ = {isa = PBXFileReference; fileEncoding = 4; lastKnownFileType = sourcecode.c.h; path = Bridging_Header.h; sourceTree = "<group>"; };
		70E80C9F20E6DB550067DF08 /* VSCommentsListModel_hits_hits_item__source.swift */ = {isa = PBXFileReference; fileEncoding = 4; lastKnownFileType = sourcecode.swift; path = VSCommentsListModel_hits_hits_item__source.swift; sourceTree = "<group>"; };
		70E80CA020E6DB550067DF08 /* VSPostsListCompactModel__shards.swift */ = {isa = PBXFileReference; fileEncoding = 4; lastKnownFileType = sourcecode.swift; path = VSPostsListCompactModel__shards.swift; sourceTree = "<group>"; };
		70E80CA120E6DB550067DF08 /* VSCommentsListModel__shards.swift */ = {isa = PBXFileReference; fileEncoding = 4; lastKnownFileType = sourcecode.swift; path = VSCommentsListModel__shards.swift; sourceTree = "<group>"; };
		70E80CA220E6DB550067DF08 /* VSCommentsListModel_hits_hits_item.swift */ = {isa = PBXFileReference; fileEncoding = 4; lastKnownFileType = sourcecode.swift; path = VSCommentsListModel_hits_hits_item.swift; sourceTree = "<group>"; };
		70E80CA320E6DB560067DF08 /* VSCGCModel_responses_item_hits_hits_item.swift */ = {isa = PBXFileReference; fileEncoding = 4; lastKnownFileType = sourcecode.swift; path = VSCGCModel_responses_item_hits_hits_item.swift; sourceTree = "<group>"; };
		70E80CA420E6DB560067DF08 /* VSPostEditModel.swift */ = {isa = PBXFileReference; fileEncoding = 4; lastKnownFileType = sourcecode.swift; path = VSPostEditModel.swift; sourceTree = "<group>"; };
		70E80CA520E6DB560067DF08 /* VSPostPutModel.swift */ = {isa = PBXFileReference; fileEncoding = 4; lastKnownFileType = sourcecode.swift; path = VSPostPutModel.swift; sourceTree = "<group>"; };
		70E80CA620E6DB560067DF08 /* VSPostsListCompactModel.swift */ = {isa = PBXFileReference; fileEncoding = 4; lastKnownFileType = sourcecode.swift; path = VSPostsListCompactModel.swift; sourceTree = "<group>"; };
		70E80CA720E6DB560067DF08 /* VSPostModel.swift */ = {isa = PBXFileReference; fileEncoding = 4; lastKnownFileType = sourcecode.swift; path = VSPostModel.swift; sourceTree = "<group>"; };
		70E80CA820E6DB570067DF08 /* VSPostsListCompactModel_hits_hits_item__source.swift */ = {isa = PBXFileReference; fileEncoding = 4; lastKnownFileType = sourcecode.swift; path = VSPostsListCompactModel_hits_hits_item__source.swift; sourceTree = "<group>"; };
		70E80CA920E6DB570067DF08 /* VSCommentModel.swift */ = {isa = PBXFileReference; fileEncoding = 4; lastKnownFileType = sourcecode.swift; path = VSCommentModel.swift; sourceTree = "<group>"; };
		70E80CAA20E6DB570067DF08 /* VSPostInfoMultiModel_docs_item__source.swift */ = {isa = PBXFileReference; fileEncoding = 4; lastKnownFileType = sourcecode.swift; path = VSPostInfoMultiModel_docs_item__source.swift; sourceTree = "<group>"; };
		B216951D7ECAD287D38ECF83 /* Pods-Versus.release.xcconfig */ = {isa = PBXFileReference; includeInIndex = 1; lastKnownFileType = text.xcconfig; name = "Pods-Versus.release.xcconfig"; path = "Pods/Target Support Files/Pods-Versus/Pods-Versus.release.xcconfig"; sourceTree = "<group>"; };
/* End PBXFileReference section */

/* Begin PBXFrameworksBuildPhase section */
		701B9B9E20E3FB20003C9E7E /* Frameworks */ = {
			isa = PBXFrameworksBuildPhase;
			buildActionMask = 2147483647;
			files = (
				57F94210650FC22EB9B99E81 /* Pods_Versus.framework in Frameworks */,
			);
			runOnlyForDeploymentPostprocessing = 0;
		};
/* End PBXFrameworksBuildPhase section */

/* Begin PBXGroup section */
		0B506B976EAD508379088FCF /* Frameworks */ = {
			isa = PBXGroup;
			children = (
				1F3231BC3413EBAF3A9B9312 /* Pods_Versus.framework */,
			);
			name = Frameworks;
			sourceTree = "<group>";
		};
		701B9B9820E3FB20003C9E7E = {
			isa = PBXGroup;
			children = (
				701B9BA320E3FB20003C9E7E /* Versus */,
				701B9BA220E3FB20003C9E7E /* Products */,
				A1B93DBF3A1EF69D4FCD82C7 /* Pods */,
				0B506B976EAD508379088FCF /* Frameworks */,
			);
			sourceTree = "<group>";
		};
		701B9BA220E3FB20003C9E7E /* Products */ = {
			isa = PBXGroup;
			children = (
				701B9BA120E3FB20003C9E7E /* Versus.app */,
			);
			name = Products;
			sourceTree = "<group>";
		};
		701B9BA320E3FB20003C9E7E /* Versus */ = {
			isa = PBXGroup;
			children = (
				701C8CC920F977D80072AECD /* ViewHolders */,
				70AD4C4D20EAD976000C9433 /* Models */,
				70E80C6F20E6CD150067DF08 /* VSAPI */,
				701B9BA420E3FB20003C9E7E /* AppDelegate.swift */,
				70B9A7E420ED93B600C06709 /* InitialViewController.swift */,
				701B9BA620E3FB20003C9E7E /* ViewController.swift */,
				70E80BF320E6943F0067DF08 /* BirthdayViewController.swift */,
				70E80BF520E6944B0067DF08 /* UsernameViewController.swift */,
				70E80BF720E694560067DF08 /* PasswordViewController.swift */,
				70E80BF920E6976E0067DF08 /* MCViewController.swift */,
				7056672820FD62A400CB87AD /* SearchViewController.swift */,
				701C8CC120F8C4F00072AECD /* LeaderboardViewController.swift */,
				701C8CC320F8C51F0072AECD /* NotificationsViewController.swift */,
				701C8CC520F8C5510072AECD /* MeViewController.swift */,
				70B1704820F28D7C00459ACE /* Tab1CollectionViewController.swift */,
				70B1704A20F28D8600459ACE /* Tab2CollectionViewController.swift */,
				70B1704C20F28D8D00459ACE /* Tab3CollectionViewController.swift */,
				701B9BA820E3FB20003C9E7E /* Main.storyboard */,
				701B9BAB20E3FB22003C9E7E /* Assets.xcassets */,
				701B9BAD20E3FB22003C9E7E /* LaunchScreen.storyboard */,
				701B9BB620E3FEEB003C9E7E /* GoogleService-Info.plist */,
				701B9BB020E3FB22003C9E7E /* Info.plist */,
				702499A020E57EC70024E871 /* Extensions */,
				70B1705020F2F97800459ACE /* ButtonBarView.swift */,
				706F89E82107EAB300A78EFB /* ProfileViewController.swift */,
				706F89EA2107EEF300A78EFB /* CommentsHistoryViewController.swift */,
				706F89EC2107EF1A00A78EFB /* PostsHistoryViewController.swift */,
				70036ED1210ABA96000BE8E9 /* FGHViewController.swift */,
				70CB9E4A2112B33C00D86E37 /* CategoryFilterViewController.swift */,
				70CB9E4C21154DD300D86E37 /* RootPageViewController.swift */,
				70A7ED48211FBFB90059507A /* ChildPageViewController.swift */,
				70E331D521212454007414D6 /* GrandchildPageViewController.swift */,
			);
			path = Versus;
			sourceTree = "<group>";
		};
		701C8CC920F977D80072AECD /* ViewHolders */ = {
			isa = PBXGroup;
			children = (
				70B9A7EC20EEE33800C06709 /* PostImageCollectionViewCell.swift */,
				70B9A7EE20EF12E100C06709 /* PostTextCollectionViewCell.swift */,
				701C8CCA20F978350072AECD /* GoldLeaderTableViewCell.swift */,
				701C8CCC20F978B30072AECD /* SilverLeaderTableViewCell.swift */,
				701C8CCE20F978C80072AECD /* BronzeLeaderTableViewCell.swift */,
				701C8CD020F978E20072AECD /* PlainLeaderTableViewCell.swift */,
				7056672A20FDA82800CB87AD /* SearchPostTableViewCell.swift */,
				7056672E2101564D00CB87AD /* CategoriesTableViewCell.swift */,
				706F89EE21080D0F00A78EFB /* CommentsHistoryTableViewCell.swift */,
				70036ECF210A79C1000BE8E9 /* PostsHistoryTableViewCell.swift */,
				70036ED3210ABBCF000BE8E9 /* FGHTableViewCell.swift */,
				70CB9E44210FDFAF00D86E37 /* MyCircleCollectionViewCell.swift */,
				70CB9E482110020500D86E37 /* MyCircleTableViewCell.swift */,
				70CB9E4E211551BC00D86E37 /* PostCardTableViewCell.swift */,
				70CB9E50211552D200D86E37 /* CommentCardTableViewCell.swift */,
			);
			path = ViewHolders;
			sourceTree = "<group>";
		};
		702499A020E57EC70024E871 /* Extensions */ = {
			isa = PBXGroup;
			children = (
				702499A120E57F050024E871 /* UIViewController+Toast.swift */,
				70B9A7E020ED64C200C06709 /* Character+UInt32.swift */,
				70B9A7E220ED650A00C06709 /* String+HashCode.swift */,
				701C8CD220FAF4B90072AECD /* UILabel+addImage+isTruncated.swift */,
				70CB9E46210FE4D800D86E37 /* Array+Shuffle.swift */,
				70A7ED4A211FC3410059507A /* PostPageDelegator.swift */,
			);
			path = Extensions;
			sourceTree = "<group>";
		};
		70AD4C4D20EAD976000C9433 /* Models */ = {
			isa = PBXGroup;
			children = (
				70AD4C5020EB0C4C000C9433 /* OIDCProvider.swift */,
				701C8CC720F96FCF0072AECD /* LeaderboardEntry.swift */,
				70B9A7E820EEDACB00C06709 /* PostObject.swift */,
				706F89F021080D8F00A78EFB /* VSComment.swift */,
				700DB5CA21081CF5008E546A /* PostInfo.swift */,
				70CB9E522115671700D86E37 /* VSCNode.swift */,
				70CB9E542116976100D86E37 /* UserAction.swift */,
			);
			path = Models;
			sourceTree = "<group>";
		};
		70E80C6F20E6CD150067DF08 /* VSAPI */ = {
			isa = PBXGroup;
			children = (
				70E80C8E20E6DB520067DF08 /* AWSApiGatewayBridge.h */,
				70E80C9E20E6DB550067DF08 /* Bridging_Header.h */,
				70E80C8020E6DB500067DF08 /* Empty.swift */,
				70E80C8720E6DB510067DF08 /* VSAIModel__shards.swift */,
				70E80C8320E6DB500067DF08 /* VSAIModel_hits_hits_item__source.swift */,
				70E80C7F20E6DB500067DF08 /* VSAIModel_hits_hits_item.swift */,
				70E80C8120E6DB500067DF08 /* VSAIModel_hits.swift */,
				70E80C9B20E6DB540067DF08 /* VSAIModel.swift */,
				70E80C7720E6DB4E0067DF08 /* VSCGCModel_responses_item__shards.swift */,
				70E80C8520E6DB510067DF08 /* VSCGCModel_responses_item_hits_hits_item__source.swift */,
				70E80CA320E6DB560067DF08 /* VSCGCModel_responses_item_hits_hits_item.swift */,
				70E80C7220E6DB4E0067DF08 /* VSCGCModel_responses_item_hits.swift */,
				70E80C8420E6DB500067DF08 /* VSCGCModel_responses_item.swift */,
				70E80C9D20E6DB550067DF08 /* VSCGCModel.swift */,
				70E80C8C20E6DB520067DF08 /* VSCommentEditModel_doc.swift */,
				70E80C8F20E6DB520067DF08 /* VSCommentEditModel.swift */,
				70E80C9920E6DB540067DF08 /* VSCommentModel__source.swift */,
				70E80CA920E6DB570067DF08 /* VSCommentModel.swift */,
				70E80C9420E6DB530067DF08 /* VSCommentPutModel.swift */,
				70E80CA120E6DB550067DF08 /* VSCommentsListModel__shards.swift */,
				70E80C9F20E6DB550067DF08 /* VSCommentsListModel_hits_hits_item__source.swift */,
				70E80CA220E6DB550067DF08 /* VSCommentsListModel_hits_hits_item.swift */,
				70E80C8220E6DB500067DF08 /* VSCommentsListModel_hits.swift */,
				70E80C7D20E6DB4F0067DF08 /* VSCommentsListModel.swift */,
				70E80C9A20E6DB540067DF08 /* VSEmailGetModel.swift */,
				70E80C7E20E6DB4F0067DF08 /* VSLeaderboardModel__shards.swift */,
				70E80C9120E6DB530067DF08 /* VSLeaderboardModel_hits_hits_item__source.swift */,
				70E80C7420E6DB4E0067DF08 /* VSLeaderboardModel_hits_hits_item.swift */,
				70E80C8820E6DB510067DF08 /* VSLeaderboardModel_hits.swift */,
				70E80C7020E6DB4D0067DF08 /* VSLeaderboardModel.swift */,
				70E80C8920E6DB510067DF08 /* VSPIVModel_docs_item__source.swift */,
				70E80C7120E6DB4E0067DF08 /* VSPIVModel_docs_item.swift */,
				70E80C7520E6DB4E0067DF08 /* VSPIVModel.swift */,
				70E80C8A20E6DB510067DF08 /* VSPIVSingle.swift */,
				70E80C8D20E6DB520067DF08 /* VSPostEditModel_doc.swift */,
				70E80CA420E6DB560067DF08 /* VSPostEditModel.swift */,
				70E80C7320E6DB4E0067DF08 /* VSPostInfoModel.swift */,
				70E80CAA20E6DB570067DF08 /* VSPostInfoMultiModel_docs_item__source.swift */,
				70E80C9520E6DB530067DF08 /* VSPostInfoMultiModel_docs_item.swift */,
				70E80C8B20E6DB520067DF08 /* VSPostInfoMultiModel.swift */,
				70E80C7920E6DB4F0067DF08 /* VSPostModel__source.swift */,
				70E80CA720E6DB560067DF08 /* VSPostModel.swift */,
				70E80CA520E6DB560067DF08 /* VSPostPutModel.swift */,
				706F89E12106E38700A78EFB /* VSPostQModel.swift */,
				706F89E02106E38700A78EFB /* VSPostQMultiModel_docs_item__source.swift */,
				706F89E22106E38800A78EFB /* VSPostQMultiModel_docs_item.swift */,
				706F89E32106E38800A78EFB /* VSPostQMultiModel.swift */,
				70E80CA020E6DB550067DF08 /* VSPostsListCompactModel__shards.swift */,
				70E80CA820E6DB570067DF08 /* VSPostsListCompactModel_hits_hits_item__source.swift */,
				70E80C7620E6DB4E0067DF08 /* VSPostsListCompactModel_hits_hits_item.swift */,
				70E80C9620E6DB530067DF08 /* VSPostsListCompactModel_hits.swift */,
				70E80CA620E6DB560067DF08 /* VSPostsListCompactModel.swift */,
				70E80C9C20E6DB540067DF08 /* VSPostsListModel__shards.swift */,
				70E80C9020E6DB520067DF08 /* VSPostsListModel_hits_hits_item__source.swift */,
				70E80C9720E6DB540067DF08 /* VSPostsListModel_hits_hits_item.swift */,
				70E80C7820E6DB4F0067DF08 /* VSPostsListModel_hits.swift */,
				70E80C9820E6DB540067DF08 /* VSPostsListModel.swift */,
				70E80C7A20E6DB4F0067DF08 /* VSProfileInfoModel__source.swift */,
				70E80C7B20E6DB4F0067DF08 /* VSProfileInfoModel.swift */,
				70E80C9220E6DB530067DF08 /* VSRecordPutModel.swift */,
				70E80C7C20E6DB4F0067DF08 /* VSUserGetModel.swift */,
				70E80C8620E6DB510067DF08 /* VSUserPutModel.swift */,
				70E80C9320E6DB530067DF08 /* VSVersusAPIClient.swift */,
			);
			path = VSAPI;
			sourceTree = "<group>";
		};
		A1B93DBF3A1EF69D4FCD82C7 /* Pods */ = {
			isa = PBXGroup;
			children = (
				048C4BA7173C812C742C4401 /* Pods-Versus.debug.xcconfig */,
				B216951D7ECAD287D38ECF83 /* Pods-Versus.release.xcconfig */,
			);
			name = Pods;
			sourceTree = "<group>";
		};
/* End PBXGroup section */

/* Begin PBXNativeTarget section */
		701B9BA020E3FB20003C9E7E /* Versus */ = {
			isa = PBXNativeTarget;
			buildConfigurationList = 701B9BB320E3FB22003C9E7E /* Build configuration list for PBXNativeTarget "Versus" */;
			buildPhases = (
				BE33621D55A65BE57F8B38E4 /* [CP] Check Pods Manifest.lock */,
				701B9B9D20E3FB20003C9E7E /* Sources */,
				701B9B9E20E3FB20003C9E7E /* Frameworks */,
				701B9B9F20E3FB20003C9E7E /* Resources */,
				8834EA2F764346ABC758939B /* [CP] Embed Pods Frameworks */,
			);
			buildRules = (
			);
			dependencies = (
			);
			name = Versus;
			productName = Versus;
			productReference = 701B9BA120E3FB20003C9E7E /* Versus.app */;
			productType = "com.apple.product-type.application";
		};
/* End PBXNativeTarget section */

/* Begin PBXProject section */
		701B9B9920E3FB20003C9E7E /* Project object */ = {
			isa = PBXProject;
			attributes = {
				LastSwiftUpdateCheck = 0940;
				LastUpgradeCheck = 0940;
				ORGANIZATIONNAME = Versus;
				TargetAttributes = {
					701B9BA020E3FB20003C9E7E = {
						CreatedOnToolsVersion = 9.4.1;
					};
				};
			};
			buildConfigurationList = 701B9B9C20E3FB20003C9E7E /* Build configuration list for PBXProject "Versus" */;
			compatibilityVersion = "Xcode 9.3";
			developmentRegion = en;
			hasScannedForEncodings = 0;
			knownRegions = (
				en,
				Base,
			);
			mainGroup = 701B9B9820E3FB20003C9E7E;
			productRefGroup = 701B9BA220E3FB20003C9E7E /* Products */;
			projectDirPath = "";
			projectRoot = "";
			targets = (
				701B9BA020E3FB20003C9E7E /* Versus */,
			);
		};
/* End PBXProject section */

/* Begin PBXResourcesBuildPhase section */
		701B9B9F20E3FB20003C9E7E /* Resources */ = {
			isa = PBXResourcesBuildPhase;
			buildActionMask = 2147483647;
			files = (
				701B9BAF20E3FB22003C9E7E /* LaunchScreen.storyboard in Resources */,
				701B9BB720E3FEEB003C9E7E /* GoogleService-Info.plist in Resources */,
				701B9BAC20E3FB22003C9E7E /* Assets.xcassets in Resources */,
				701B9BAA20E3FB20003C9E7E /* Main.storyboard in Resources */,
			);
			runOnlyForDeploymentPostprocessing = 0;
		};
/* End PBXResourcesBuildPhase section */

/* Begin PBXShellScriptBuildPhase section */
		8834EA2F764346ABC758939B /* [CP] Embed Pods Frameworks */ = {
			isa = PBXShellScriptBuildPhase;
			buildActionMask = 2147483647;
			files = (
			);
			inputPaths = (
				"${SRCROOT}/Pods/Target Support Files/Pods-Versus/Pods-Versus-frameworks.sh",
				"${BUILT_PRODUCTS_DIR}/AWSAPIGateway/AWSAPIGateway.framework",
				"${BUILT_PRODUCTS_DIR}/AWSCore/AWSCore.framework",
				"${BUILT_PRODUCTS_DIR}/AWSS3/AWSS3.framework",
				"${BUILT_PRODUCTS_DIR}/GTMSessionFetcher/GTMSessionFetcher.framework",
				"${BUILT_PRODUCTS_DIR}/GoogleToolboxForMac/GoogleToolboxForMac.framework",
				"${BUILT_PRODUCTS_DIR}/Nuke/Nuke.framework",
				"${BUILT_PRODUCTS_DIR}/XLPagerTabStrip/XLPagerTabStrip.framework",
				"${BUILT_PRODUCTS_DIR}/leveldb-library/leveldb.framework",
				"${BUILT_PRODUCTS_DIR}/nanopb/nanopb.framework",
			);
			name = "[CP] Embed Pods Frameworks";
			outputPaths = (
				"${TARGET_BUILD_DIR}/${FRAMEWORKS_FOLDER_PATH}/AWSAPIGateway.framework",
				"${TARGET_BUILD_DIR}/${FRAMEWORKS_FOLDER_PATH}/AWSCore.framework",
				"${TARGET_BUILD_DIR}/${FRAMEWORKS_FOLDER_PATH}/AWSS3.framework",
				"${TARGET_BUILD_DIR}/${FRAMEWORKS_FOLDER_PATH}/GTMSessionFetcher.framework",
				"${TARGET_BUILD_DIR}/${FRAMEWORKS_FOLDER_PATH}/GoogleToolboxForMac.framework",
				"${TARGET_BUILD_DIR}/${FRAMEWORKS_FOLDER_PATH}/Nuke.framework",
				"${TARGET_BUILD_DIR}/${FRAMEWORKS_FOLDER_PATH}/XLPagerTabStrip.framework",
				"${TARGET_BUILD_DIR}/${FRAMEWORKS_FOLDER_PATH}/leveldb.framework",
				"${TARGET_BUILD_DIR}/${FRAMEWORKS_FOLDER_PATH}/nanopb.framework",
			);
			runOnlyForDeploymentPostprocessing = 0;
			shellPath = /bin/sh;
			shellScript = "\"${SRCROOT}/Pods/Target Support Files/Pods-Versus/Pods-Versus-frameworks.sh\"\n";
			showEnvVarsInLog = 0;
		};
		BE33621D55A65BE57F8B38E4 /* [CP] Check Pods Manifest.lock */ = {
			isa = PBXShellScriptBuildPhase;
			buildActionMask = 2147483647;
			files = (
			);
			inputPaths = (
				"${PODS_PODFILE_DIR_PATH}/Podfile.lock",
				"${PODS_ROOT}/Manifest.lock",
			);
			name = "[CP] Check Pods Manifest.lock";
			outputPaths = (
				"$(DERIVED_FILE_DIR)/Pods-Versus-checkManifestLockResult.txt",
			);
			runOnlyForDeploymentPostprocessing = 0;
			shellPath = /bin/sh;
			shellScript = "diff \"${PODS_PODFILE_DIR_PATH}/Podfile.lock\" \"${PODS_ROOT}/Manifest.lock\" > /dev/null\nif [ $? != 0 ] ; then\n    # print error to STDERR\n    echo \"error: The sandbox is not in sync with the Podfile.lock. Run 'pod install' or update your CocoaPods installation.\" >&2\n    exit 1\nfi\n# This output is used by Xcode 'outputs' to avoid re-running this script phase.\necho \"SUCCESS\" > \"${SCRIPT_OUTPUT_FILE_0}\"\n";
			showEnvVarsInLog = 0;
		};
/* End PBXShellScriptBuildPhase section */

/* Begin PBXSourcesBuildPhase section */
		701B9B9D20E3FB20003C9E7E /* Sources */ = {
			isa = PBXSourcesBuildPhase;
			buildActionMask = 2147483647;
			files = (
				701C8CC620F8C5510072AECD /* MeViewController.swift in Sources */,
				70E80CD520E6DB570067DF08 /* VSAIModel.swift in Sources */,
				70E80CB820E6DB570067DF08 /* VSCommentsListModel.swift in Sources */,
				70E80CB220E6DB570067DF08 /* VSCGCModel_responses_item__shards.swift in Sources */,
				70E80CE320E6DB570067DF08 /* VSPostInfoMultiModel_docs_item__source.swift in Sources */,
				706F89ED2107EF1A00A78EFB /* PostsHistoryViewController.swift in Sources */,
				70E80CE020E6DB570067DF08 /* VSPostModel.swift in Sources */,
				70E80CAC20E6DB570067DF08 /* VSPIVModel_docs_item.swift in Sources */,
				70E80CC220E6DB570067DF08 /* VSAIModel__shards.swift in Sources */,
				70CB9E532115671700D86E37 /* VSCNode.swift in Sources */,
				7056672F2101564D00CB87AD /* CategoriesTableViewCell.swift in Sources */,
				70CB9E4B2112B33C00D86E37 /* CategoryFilterViewController.swift in Sources */,
				70CB9E492110020500D86E37 /* MyCircleTableViewCell.swift in Sources */,
				70B9A7E520ED93B600C06709 /* InitialViewController.swift in Sources */,
				701C8CC820F96FCF0072AECD /* LeaderboardEntry.swift in Sources */,
				70E80CCB20E6DB570067DF08 /* VSLeaderboardModel_hits_hits_item__source.swift in Sources */,
				706F89E92107EAB300A78EFB /* ProfileViewController.swift in Sources */,
				70E80BF420E6943F0067DF08 /* BirthdayViewController.swift in Sources */,
				70E80CD920E6DB570067DF08 /* VSPostsListCompactModel__shards.swift in Sources */,
				70B9A7E320ED650A00C06709 /* String+HashCode.swift in Sources */,
				70E80CD820E6DB570067DF08 /* VSCommentsListModel_hits_hits_item__source.swift in Sources */,
				70E80CC620E6DB570067DF08 /* VSPostInfoMultiModel.swift in Sources */,
				70E80CDF20E6DB570067DF08 /* VSPostsListCompactModel.swift in Sources */,
				7056672B20FDA82800CB87AD /* SearchPostTableViewCell.swift in Sources */,
				701B9BA720E3FB20003C9E7E /* ViewController.swift in Sources */,
				70B9A7E120ED64C200C06709 /* Character+UInt32.swift in Sources */,
				706F89E42106E38800A78EFB /* VSPostQMultiModel_docs_item__source.swift in Sources */,
				70E80CBB20E6DB570067DF08 /* Empty.swift in Sources */,
				7056672920FD62A400CB87AD /* SearchViewController.swift in Sources */,
				70AD4C5120EB0C4C000C9433 /* OIDCProvider.swift in Sources */,
				706F89EB2107EEF300A78EFB /* CommentsHistoryViewController.swift in Sources */,
				701C8CD120F978E20072AECD /* PlainLeaderTableViewCell.swift in Sources */,
				701C8CC420F8C51F0072AECD /* NotificationsViewController.swift in Sources */,
				70E80CBC20E6DB570067DF08 /* VSAIModel_hits.swift in Sources */,
				70B9A7ED20EEE33800C06709 /* PostImageCollectionViewCell.swift in Sources */,
				70E80CC120E6DB570067DF08 /* VSUserPutModel.swift in Sources */,
				70E80CC920E6DB570067DF08 /* VSCommentEditModel.swift in Sources */,
				70E80CB020E6DB570067DF08 /* VSPIVModel.swift in Sources */,
				70E80CAB20E6DB570067DF08 /* VSLeaderboardModel.swift in Sources */,
				70E80CAD20E6DB570067DF08 /* VSCGCModel_responses_item_hits.swift in Sources */,
				70E80CC520E6DB570067DF08 /* VSPIVSingle.swift in Sources */,
				70E80CDB20E6DB570067DF08 /* VSCommentsListModel_hits_hits_item.swift in Sources */,
				70E80CCF20E6DB570067DF08 /* VSPostInfoMultiModel_docs_item.swift in Sources */,
				70036ED2210ABA96000BE8E9 /* FGHViewController.swift in Sources */,
				70E80CBA20E6DB570067DF08 /* VSAIModel_hits_hits_item.swift in Sources */,
				70B9A7E920EEDACB00C06709 /* PostObject.swift in Sources */,
				70E80CCE20E6DB570067DF08 /* VSCommentPutModel.swift in Sources */,
				70036ED0210A79C1000BE8E9 /* PostsHistoryTableViewCell.swift in Sources */,
				70E80CD320E6DB570067DF08 /* VSCommentModel__source.swift in Sources */,
				706F89E72106E38800A78EFB /* VSPostQMultiModel.swift in Sources */,
				70E80CD020E6DB570067DF08 /* VSPostsListCompactModel_hits.swift in Sources */,
				701C8CC220F8C4F00072AECD /* LeaderboardViewController.swift in Sources */,
				70B9A7EF20EF12E100C06709 /* PostTextCollectionViewCell.swift in Sources */,
				70E80CBE20E6DB570067DF08 /* VSAIModel_hits_hits_item__source.swift in Sources */,
				70CB9E51211552D200D86E37 /* CommentCardTableViewCell.swift in Sources */,
				70E80CB920E6DB570067DF08 /* VSLeaderboardModel__shards.swift in Sources */,
				70036ED4210ABBCF000BE8E9 /* FGHTableViewCell.swift in Sources */,
				70E80CD220E6DB570067DF08 /* VSPostsListModel.swift in Sources */,
				702499A220E57F050024E871 /* UIViewController+Toast.swift in Sources */,
				70E80CD720E6DB570067DF08 /* VSCGCModel.swift in Sources */,
				700DB5CB21081CF5008E546A /* PostInfo.swift in Sources */,
				70CB9E4F211551BC00D86E37 /* PostCardTableViewCell.swift in Sources */,
				70E80CCA20E6DB570067DF08 /* VSPostsListModel_hits_hits_item__source.swift in Sources */,
				706F89E62106E38800A78EFB /* VSPostQMultiModel_docs_item.swift in Sources */,
				70A7ED49211FBFB90059507A /* ChildPageViewController.swift in Sources */,
				706F89EF21080D0F00A78EFB /* CommentsHistoryTableViewCell.swift in Sources */,
				70CB9E47210FE4D800D86E37 /* Array+Shuffle.swift in Sources */,
				70CB9E4D21154DD300D86E37 /* RootPageViewController.swift in Sources */,
				70E80CB720E6DB570067DF08 /* VSUserGetModel.swift in Sources */,
				70E80CC720E6DB570067DF08 /* VSCommentEditModel_doc.swift in Sources */,
				70E80CC020E6DB570067DF08 /* VSCGCModel_responses_item_hits_hits_item__source.swift in Sources */,
				70E80BF820E694560067DF08 /* PasswordViewController.swift in Sources */,
				70E80CBF20E6DB570067DF08 /* VSCGCModel_responses_item.swift in Sources */,
				70E80CD620E6DB570067DF08 /* VSPostsListModel__shards.swift in Sources */,
				70E80CD120E6DB570067DF08 /* VSPostsListModel_hits_hits_item.swift in Sources */,
				70E80CE120E6DB570067DF08 /* VSPostsListCompactModel_hits_hits_item__source.swift in Sources */,
				70E80BFA20E6976E0067DF08 /* MCViewController.swift in Sources */,
				706F89F121080D8F00A78EFB /* VSComment.swift in Sources */,
				70E80CC820E6DB570067DF08 /* VSPostEditModel_doc.swift in Sources */,
				70A7ED4B211FC3410059507A /* PostPageDelegator.swift in Sources */,
				70E80CDA20E6DB570067DF08 /* VSCommentsListModel__shards.swift in Sources */,
				70E80CB520E6DB570067DF08 /* VSProfileInfoModel__source.swift in Sources */,
				70E80CB120E6DB570067DF08 /* VSPostsListCompactModel_hits_hits_item.swift in Sources */,
				70E80CB620E6DB570067DF08 /* VSProfileInfoModel.swift in Sources */,
				70B1705120F2F97800459ACE /* ButtonBarView.swift in Sources */,
				70E80BF620E6944B0067DF08 /* UsernameViewController.swift in Sources */,
				70E80CDE20E6DB570067DF08 /* VSPostPutModel.swift in Sources */,
				701C8CCB20F978350072AECD /* GoldLeaderTableViewCell.swift in Sources */,
				70E80CCD20E6DB570067DF08 /* VSVersusAPIClient.swift in Sources */,
				70E80CDD20E6DB570067DF08 /* VSPostEditModel.swift in Sources */,
				70B1704920F28D7C00459ACE /* Tab1CollectionViewController.swift in Sources */,
				701C8CCF20F978C80072AECD /* BronzeLeaderTableViewCell.swift in Sources */,
				70E80CB320E6DB570067DF08 /* VSPostsListModel_hits.swift in Sources */,
				70E331D621212454007414D6 /* GrandchildPageViewController.swift in Sources */,
				70E80CC420E6DB570067DF08 /* VSPIVModel_docs_item__source.swift in Sources */,
				70B1704D20F28D8D00459ACE /* Tab3CollectionViewController.swift in Sources */,
				70E80CAF20E6DB570067DF08 /* VSLeaderboardModel_hits_hits_item.swift in Sources */,
				70E80CE220E6DB570067DF08 /* VSCommentModel.swift in Sources */,
				70CB9E45210FDFAF00D86E37 /* MyCircleCollectionViewCell.swift in Sources */,
				70E80CB420E6DB570067DF08 /* VSPostModel__source.swift in Sources */,
				701C8CD320FAF4B90072AECD /* UILabel+addImage+isTruncated.swift in Sources */,
				70E80CD420E6DB570067DF08 /* VSEmailGetModel.swift in Sources */,
				701B9BA520E3FB20003C9E7E /* AppDelegate.swift in Sources */,
				706F89E52106E38800A78EFB /* VSPostQModel.swift in Sources */,
				70E80CBD20E6DB570067DF08 /* VSCommentsListModel_hits.swift in Sources */,
				70E80CCC20E6DB570067DF08 /* VSRecordPutModel.swift in Sources */,
				70E80CC320E6DB570067DF08 /* VSLeaderboardModel_hits.swift in Sources */,
				70E80CAE20E6DB570067DF08 /* VSPostInfoModel.swift in Sources */,
				70CB9E552116976100D86E37 /* UserAction.swift in Sources */,
				70E80CDC20E6DB570067DF08 /* VSCGCModel_responses_item_hits_hits_item.swift in Sources */,
				70B1704B20F28D8600459ACE /* Tab2CollectionViewController.swift in Sources */,
				701C8CCD20F978B30072AECD /* SilverLeaderTableViewCell.swift in Sources */,
			);
			runOnlyForDeploymentPostprocessing = 0;
		};
/* End PBXSourcesBuildPhase section */

/* Begin PBXVariantGroup section */
		701B9BA820E3FB20003C9E7E /* Main.storyboard */ = {
			isa = PBXVariantGroup;
			children = (
				701B9BA920E3FB20003C9E7E /* Base */,
			);
			name = Main.storyboard;
			sourceTree = "<group>";
		};
		701B9BAD20E3FB22003C9E7E /* LaunchScreen.storyboard */ = {
			isa = PBXVariantGroup;
			children = (
				701B9BAE20E3FB22003C9E7E /* Base */,
			);
			name = LaunchScreen.storyboard;
			sourceTree = "<group>";
		};
/* End PBXVariantGroup section */

/* Begin XCBuildConfiguration section */
		701B9BB120E3FB22003C9E7E /* Debug */ = {
			isa = XCBuildConfiguration;
			buildSettings = {
				ALWAYS_SEARCH_USER_PATHS = NO;
				CLANG_ANALYZER_NONNULL = YES;
				CLANG_ANALYZER_NUMBER_OBJECT_CONVERSION = YES_AGGRESSIVE;
				CLANG_CXX_LANGUAGE_STANDARD = "gnu++14";
				CLANG_CXX_LIBRARY = "libc++";
				CLANG_ENABLE_MODULES = YES;
				CLANG_ENABLE_OBJC_ARC = YES;
				CLANG_ENABLE_OBJC_WEAK = YES;
				CLANG_WARN_BLOCK_CAPTURE_AUTORELEASING = YES;
				CLANG_WARN_BOOL_CONVERSION = YES;
				CLANG_WARN_COMMA = YES;
				CLANG_WARN_CONSTANT_CONVERSION = YES;
				CLANG_WARN_DEPRECATED_OBJC_IMPLEMENTATIONS = YES;
				CLANG_WARN_DIRECT_OBJC_ISA_USAGE = YES_ERROR;
				CLANG_WARN_DOCUMENTATION_COMMENTS = YES;
				CLANG_WARN_EMPTY_BODY = YES;
				CLANG_WARN_ENUM_CONVERSION = YES;
				CLANG_WARN_INFINITE_RECURSION = YES;
				CLANG_WARN_INT_CONVERSION = YES;
				CLANG_WARN_NON_LITERAL_NULL_CONVERSION = YES;
				CLANG_WARN_OBJC_IMPLICIT_RETAIN_SELF = YES;
				CLANG_WARN_OBJC_LITERAL_CONVERSION = YES;
				CLANG_WARN_OBJC_ROOT_CLASS = YES_ERROR;
				CLANG_WARN_RANGE_LOOP_ANALYSIS = YES;
				CLANG_WARN_STRICT_PROTOTYPES = YES;
				CLANG_WARN_SUSPICIOUS_MOVE = YES;
				CLANG_WARN_UNGUARDED_AVAILABILITY = YES_AGGRESSIVE;
				CLANG_WARN_UNREACHABLE_CODE = YES;
				CLANG_WARN__DUPLICATE_METHOD_MATCH = YES;
				CODE_SIGN_IDENTITY = "iPhone Developer";
				COPY_PHASE_STRIP = NO;
				DEBUG_INFORMATION_FORMAT = dwarf;
				ENABLE_STRICT_OBJC_MSGSEND = YES;
				ENABLE_TESTABILITY = YES;
				GCC_C_LANGUAGE_STANDARD = gnu11;
				GCC_DYNAMIC_NO_PIC = NO;
				GCC_NO_COMMON_BLOCKS = YES;
				GCC_OPTIMIZATION_LEVEL = 0;
				GCC_PREPROCESSOR_DEFINITIONS = (
					"DEBUG=1",
					"$(inherited)",
				);
				GCC_WARN_64_TO_32_BIT_CONVERSION = YES;
				GCC_WARN_ABOUT_RETURN_TYPE = YES_ERROR;
				GCC_WARN_UNDECLARED_SELECTOR = YES;
				GCC_WARN_UNINITIALIZED_AUTOS = YES_AGGRESSIVE;
				GCC_WARN_UNUSED_FUNCTION = YES;
				GCC_WARN_UNUSED_VARIABLE = YES;
				IPHONEOS_DEPLOYMENT_TARGET = 11.4;
				MTL_ENABLE_DEBUG_INFO = YES;
				ONLY_ACTIVE_ARCH = YES;
				SDKROOT = iphoneos;
				SWIFT_ACTIVE_COMPILATION_CONDITIONS = DEBUG;
				SWIFT_OPTIMIZATION_LEVEL = "-Onone";
			};
			name = Debug;
		};
		701B9BB220E3FB22003C9E7E /* Release */ = {
			isa = XCBuildConfiguration;
			buildSettings = {
				ALWAYS_SEARCH_USER_PATHS = NO;
				CLANG_ANALYZER_NONNULL = YES;
				CLANG_ANALYZER_NUMBER_OBJECT_CONVERSION = YES_AGGRESSIVE;
				CLANG_CXX_LANGUAGE_STANDARD = "gnu++14";
				CLANG_CXX_LIBRARY = "libc++";
				CLANG_ENABLE_MODULES = YES;
				CLANG_ENABLE_OBJC_ARC = YES;
				CLANG_ENABLE_OBJC_WEAK = YES;
				CLANG_WARN_BLOCK_CAPTURE_AUTORELEASING = YES;
				CLANG_WARN_BOOL_CONVERSION = YES;
				CLANG_WARN_COMMA = YES;
				CLANG_WARN_CONSTANT_CONVERSION = YES;
				CLANG_WARN_DEPRECATED_OBJC_IMPLEMENTATIONS = YES;
				CLANG_WARN_DIRECT_OBJC_ISA_USAGE = YES_ERROR;
				CLANG_WARN_DOCUMENTATION_COMMENTS = YES;
				CLANG_WARN_EMPTY_BODY = YES;
				CLANG_WARN_ENUM_CONVERSION = YES;
				CLANG_WARN_INFINITE_RECURSION = YES;
				CLANG_WARN_INT_CONVERSION = YES;
				CLANG_WARN_NON_LITERAL_NULL_CONVERSION = YES;
				CLANG_WARN_OBJC_IMPLICIT_RETAIN_SELF = YES;
				CLANG_WARN_OBJC_LITERAL_CONVERSION = YES;
				CLANG_WARN_OBJC_ROOT_CLASS = YES_ERROR;
				CLANG_WARN_RANGE_LOOP_ANALYSIS = YES;
				CLANG_WARN_STRICT_PROTOTYPES = YES;
				CLANG_WARN_SUSPICIOUS_MOVE = YES;
				CLANG_WARN_UNGUARDED_AVAILABILITY = YES_AGGRESSIVE;
				CLANG_WARN_UNREACHABLE_CODE = YES;
				CLANG_WARN__DUPLICATE_METHOD_MATCH = YES;
				CODE_SIGN_IDENTITY = "iPhone Developer";
				COPY_PHASE_STRIP = NO;
				DEBUG_INFORMATION_FORMAT = "dwarf-with-dsym";
				ENABLE_NS_ASSERTIONS = NO;
				ENABLE_STRICT_OBJC_MSGSEND = YES;
				GCC_C_LANGUAGE_STANDARD = gnu11;
				GCC_NO_COMMON_BLOCKS = YES;
				GCC_WARN_64_TO_32_BIT_CONVERSION = YES;
				GCC_WARN_ABOUT_RETURN_TYPE = YES_ERROR;
				GCC_WARN_UNDECLARED_SELECTOR = YES;
				GCC_WARN_UNINITIALIZED_AUTOS = YES_AGGRESSIVE;
				GCC_WARN_UNUSED_FUNCTION = YES;
				GCC_WARN_UNUSED_VARIABLE = YES;
				IPHONEOS_DEPLOYMENT_TARGET = 11.4;
				MTL_ENABLE_DEBUG_INFO = NO;
				SDKROOT = iphoneos;
				SWIFT_COMPILATION_MODE = wholemodule;
				SWIFT_OPTIMIZATION_LEVEL = "-O";
				VALIDATE_PRODUCT = YES;
			};
			name = Release;
		};
		701B9BB420E3FB22003C9E7E /* Debug */ = {
			isa = XCBuildConfiguration;
			baseConfigurationReference = 048C4BA7173C812C742C4401 /* Pods-Versus.debug.xcconfig */;
			buildSettings = {
				ASSETCATALOG_COMPILER_APPICON_NAME = AppIcon;
				CODE_SIGN_IDENTITY = "iPhone Developer";
				CODE_SIGN_STYLE = Automatic;
				DEVELOPMENT_TEAM = Q366THJ2T3;
				INFOPLIST_FILE = Versus/Info.plist;
				LD_RUNPATH_SEARCH_PATHS = (
					"$(inherited)",
					"@executable_path/Frameworks",
				);
				PRODUCT_BUNDLE_IDENTIFIER = com.vs.bcd.Versus;
				PRODUCT_NAME = "$(TARGET_NAME)";
				PROVISIONING_PROFILE_SPECIFIER = "";
				SWIFT_OBJC_BRIDGING_HEADER = "/Users/dlee/Desktop/versus-ios/Versus/VSAPI/Bridging_Header.h";
				SWIFT_VERSION = 4.0;
				TARGETED_DEVICE_FAMILY = "1,2";
			};
			name = Debug;
		};
		701B9BB520E3FB22003C9E7E /* Release */ = {
			isa = XCBuildConfiguration;
			baseConfigurationReference = B216951D7ECAD287D38ECF83 /* Pods-Versus.release.xcconfig */;
			buildSettings = {
				ASSETCATALOG_COMPILER_APPICON_NAME = AppIcon;
				CODE_SIGN_IDENTITY = "iPhone Developer";
				CODE_SIGN_STYLE = Automatic;
				DEVELOPMENT_TEAM = Q366THJ2T3;
				INFOPLIST_FILE = Versus/Info.plist;
				LD_RUNPATH_SEARCH_PATHS = (
					"$(inherited)",
					"@executable_path/Frameworks",
				);
				PRODUCT_BUNDLE_IDENTIFIER = com.vs.bcd.Versus;
				PRODUCT_NAME = "$(TARGET_NAME)";
				PROVISIONING_PROFILE_SPECIFIER = "";
				SWIFT_OBJC_BRIDGING_HEADER = "/Users/dlee/Desktop/versus-ios/Versus/VSAPI/Bridging_Header.h";
				SWIFT_VERSION = 4.0;
				TARGETED_DEVICE_FAMILY = "1,2";
			};
			name = Release;
		};
/* End XCBuildConfiguration section */

/* Begin XCConfigurationList section */
		701B9B9C20E3FB20003C9E7E /* Build configuration list for PBXProject "Versus" */ = {
			isa = XCConfigurationList;
			buildConfigurations = (
				701B9BB120E3FB22003C9E7E /* Debug */,
				701B9BB220E3FB22003C9E7E /* Release */,
			);
			defaultConfigurationIsVisible = 0;
			defaultConfigurationName = Release;
		};
		701B9BB320E3FB22003C9E7E /* Build configuration list for PBXNativeTarget "Versus" */ = {
			isa = XCConfigurationList;
			buildConfigurations = (
				701B9BB420E3FB22003C9E7E /* Debug */,
				701B9BB520E3FB22003C9E7E /* Release */,
			);
			defaultConfigurationIsVisible = 0;
			defaultConfigurationName = Release;
		};
/* End XCConfigurationList section */
	};
	rootObject = 701B9B9920E3FB20003C9E7E /* Project object */;
}
